%{"certifi": {:hex, :certifi, "0.3.0"},
  "combine": {:hex, :combine, "0.7.0"},
  "dogma": {:hex, :dogma, "0.0.7"},
  "hackney": {:hex, :hackney, "1.3.2"},
  "httpoison": {:hex, :httpoison, "0.7.5"},
  "httpotion": {:hex, :httpotion, "2.1.0"},
  "ibrowse": {:git, "git://github.com/cmullaparthi/ibrowse.git", "ea3305d21f37eced4fac290f64b068e56df7de80", [tag: "v4.1.2"]},
  "idna": {:hex, :idna, "1.0.3"},
  "meck": {:hex, :meck, "0.8.3"},
  "mimerl": {:hex, :mimerl, "1.0.2"},
  "pavlov": {:hex, :pavlov, "0.2.3"},
  "poison": {:hex, :poison, "1.5.0"},
  "shouldi": {:hex, :shouldi, "0.2.3"},
  "ssl_verify_hostname": {:hex, :ssl_verify_hostname, "1.0.6"},
  "timex": {:hex, :timex, "1.0.1"},
  "tzdata": {:hex, :tzdata, "0.5.6"}}
